
Microsoft Visual Studio Solution File, Format Version 12.00
# Visual Studio Version 17
VisualStudioVersion = 17.1.32228.430
MinimumVisualStudioVersion = 10.0.40219.1
Project("{2150E333-8FDC-42A3-9474-1A3956D46DE8}") = "Services", "Services", "{3AA14F7D-BA1C-4E80-B212-E54D6FD17811}"
EndProject
Project("{2150E333-8FDC-42A3-9474-1A3956D46DE8}") = "Catalog", "Catalog", "{275BE98A-0359-442D-BBD9-1B8165028FA6}"
EndProject
Project("{FAE04EC0-301F-11D3-BF4B-00C04F79EFBC}") = "Catalog.API", "Services\Catalog\Catalog.API\Catalog.API.csproj", "{BC69D479-9029-44FD-9051-F0B62329AE21}"
EndProject
Global
	GlobalSection(SolutionConfigurationPlatforms) = preSolution
		Debug|Any CPU = Debug|Any CPU
		Release|Any CPU = Release|Any CPU
	EndGlobalSection
	GlobalSection(ProjectConfigurationPlatforms) = postSolution
		{BC69D479-9029-44FD-9051-F0B62329AE21}.Debug|Any CPU.ActiveCfg = Debug|Any CPU
		{BC69D479-9029-44FD-9051-F0B62329AE21}.Debug|Any CPU.Build.0 = Debug|Any CPU
		{BC69D479-9029-44FD-9051-F0B62329AE21}.Release|Any CPU.ActiveCfg = Release|Any CPU
		{BC69D479-9029-44FD-9051-F0B62329AE21}.Release|Any CPU.Build.0 = Release|Any CPU
	EndGlobalSection
	GlobalSection(SolutionProperties) = preSolution
		HideSolutionNode = FALSE
	EndGlobalSection
	GlobalSection(NestedProjects) = preSolution
		{275BE98A-0359-442D-BBD9-1B8165028FA6} = {3AA14F7D-BA1C-4E80-B212-E54D6FD17811}
		{BC69D479-9029-44FD-9051-F0B62329AE21} = {275BE98A-0359-442D-BBD9-1B8165028FA6}
	EndGlobalSection
	GlobalSection(ExtensibilityGlobals) = postSolution
		SolutionGuid = {9B4E9475-D58F-4DCF-B4A8-E697C1EDA961}
	EndGlobalSection
EndGlobal
